
Microsoft Visual Studio Solution File, Format Version 12.00
# Visual Studio Version 17
VisualStudioVersion = 17.5.002.0
MinimumVisualStudioVersion = 10.0.40219.1
Project("{9A19103F-16F7-4668-BE54-9A1E7A4F7556}") = "Rolagem-De-Dados", "Rolagem-De-Dados.csproj", "{B0461360-FBBA-4580-94AE-346DC13B0818}"
EndProject
Global
	GlobalSection(SolutionConfigurationPlatforms) = preSolution
		Debug|Any CPU = Debug|Any CPU
		Release|Any CPU = Release|Any CPU
	EndGlobalSection
	GlobalSection(ProjectConfigurationPlatforms) = postSolution
		{B0461360-FBBA-4580-94AE-346DC13B0818}.Debug|Any CPU.ActiveCfg = Debug|Any CPU
		{B0461360-FBBA-4580-94AE-346DC13B0818}.Debug|Any CPU.Build.0 = Debug|Any CPU
		{B0461360-FBBA-4580-94AE-346DC13B0818}.Release|Any CPU.ActiveCfg = Release|Any CPU
		{B0461360-FBBA-4580-94AE-346DC13B0818}.Release|Any CPU.Build.0 = Release|Any CPU
	EndGlobalSection
	GlobalSection(SolutionProperties) = preSolution
		HideSolutionNode = FALSE
	EndGlobalSection
	GlobalSection(ExtensibilityGlobals) = postSolution
		SolutionGuid = {CEF1C098-2F52-4CFA-8245-E50CAB88E21F}
	EndGlobalSection
EndGlobal
